// !$*UTF8*$!
{
	archiveVersion = 1;
	classes = {
	};
	objectVersion = 46;
	objects = {

/* Begin PBXBuildFile section */
		1F86964E1B5325B5006AD9C5 /* Varietal.swift in Sources */ = {isa = PBXBuildFile; fileRef = 1F86964D1B5325B5006AD9C5 /* Varietal.swift */; };
		1F8696501B5325B5006AD9C5 /* Food.swift in Sources */ = {isa = PBXBuildFile; fileRef = 1F86964F1B5325B5006AD9C5 /* Food.swift */; };
		1F8696521B5325B5006AD9C5 /* Seasoning.swift in Sources */ = {isa = PBXBuildFile; fileRef = 1F8696511B5325B5006AD9C5 /* Seasoning.swift */; };
		1F8696541B532714006AD9C5 /* Functions.swift in Sources */ = {isa = PBXBuildFile; fileRef = 1F8696531B532714006AD9C5 /* Functions.swift */; };
		1FB5223E1B51567800322084 /* AppDelegate.swift in Sources */ = {isa = PBXBuildFile; fileRef = 1FB5223D1B51567800322084 /* AppDelegate.swift */; };
		1FB522411B51567800322084 /* wine_pairings.xcdatamodeld in Sources */ = {isa = PBXBuildFile; fileRef = 1FB5223F1B51567800322084 /* wine_pairings.xcdatamodeld */; };
		1FB522431B51567800322084 /* LandingViewController.swift in Sources */ = {isa = PBXBuildFile; fileRef = 1FB522421B51567800322084 /* LandingViewController.swift */; };
		1FB522481B51567800322084 /* Images.xcassets in Resources */ = {isa = PBXBuildFile; fileRef = 1FB522471B51567800322084 /* Images.xcassets */; };
		1FB5224B1B51567800322084 /* LaunchScreen.xib in Resources */ = {isa = PBXBuildFile; fileRef = 1FB522491B51567800322084 /* LaunchScreen.xib */; };
		1FB522571B51567800322084 /* wine_pairingsTests.swift in Sources */ = {isa = PBXBuildFile; fileRef = 1FB522561B51567800322084 /* wine_pairingsTests.swift */; };
		1FD4F5AD1B515EBC009647C2 /* Extensions.swift in Sources */ = {isa = PBXBuildFile; fileRef = 1FD4F5AC1B515EBC009647C2 /* Extensions.swift */; };
		1FD4F5B11B52AEF7009647C2 /* SelectionViewController.swift in Sources */ = {isa = PBXBuildFile; fileRef = 1FD4F5B01B52AEF7009647C2 /* SelectionViewController.swift */; };
		1FDA9C961B52B47700E3DB21 /* Enums.swift in Sources */ = {isa = PBXBuildFile; fileRef = 1FDA9C951B52B47700E3DB21 /* Enums.swift */; };
/* End PBXBuildFile section */

/* Begin PBXContainerItemProxy section */
		1FB522511B51567800322084 /* PBXContainerItemProxy */ = {
			isa = PBXContainerItemProxy;
			containerPortal = 1FB522301B51567800322084 /* Project object */;
			proxyType = 1;
			remoteGlobalIDString = 1FB522371B51567800322084;
			remoteInfo = "wine-pairings";
		};
/* End PBXContainerItemProxy section */

/* Begin PBXFileReference section */
		1F86964D1B5325B5006AD9C5 /* Varietal.swift */ = {isa = PBXFileReference; fileEncoding = 4; lastKnownFileType = sourcecode.swift; path = Varietal.swift; sourceTree = "<group>"; };
		1F86964F1B5325B5006AD9C5 /* Food.swift */ = {isa = PBXFileReference; fileEncoding = 4; lastKnownFileType = sourcecode.swift; path = Food.swift; sourceTree = "<group>"; };
		1F8696511B5325B5006AD9C5 /* Seasoning.swift */ = {isa = PBXFileReference; fileEncoding = 4; lastKnownFileType = sourcecode.swift; path = Seasoning.swift; sourceTree = "<group>"; };
		1F8696531B532714006AD9C5 /* Functions.swift */ = {isa = PBXFileReference; fileEncoding = 4; lastKnownFileType = sourcecode.swift; path = Functions.swift; sourceTree = "<group>"; };
		1FB522381B51567800322084 /* wine-pairings.app */ = {isa = PBXFileReference; explicitFileType = wrapper.application; includeInIndex = 0; path = "wine-pairings.app"; sourceTree = BUILT_PRODUCTS_DIR; };
		1FB5223C1B51567800322084 /* Info.plist */ = {isa = PBXFileReference; lastKnownFileType = text.plist.xml; path = Info.plist; sourceTree = "<group>"; };
		1FB5223D1B51567800322084 /* AppDelegate.swift */ = {isa = PBXFileReference; lastKnownFileType = sourcecode.swift; path = AppDelegate.swift; sourceTree = "<group>"; };
		1FB522401B51567800322084 /* wine_pairings.xcdatamodel */ = {isa = PBXFileReference; lastKnownFileType = wrapper.xcdatamodel; path = wine_pairings.xcdatamodel; sourceTree = "<group>"; };
		1FB522421B51567800322084 /* LandingViewController.swift */ = {isa = PBXFileReference; lastKnownFileType = sourcecode.swift; path = LandingViewController.swift; sourceTree = "<group>"; };
		1FB522471B51567800322084 /* Images.xcassets */ = {isa = PBXFileReference; lastKnownFileType = folder.assetcatalog; path = Images.xcassets; sourceTree = "<group>"; };
		1FB5224A1B51567800322084 /* Base */ = {isa = PBXFileReference; lastKnownFileType = file.xib; name = Base; path = Base.lproj/LaunchScreen.xib; sourceTree = "<group>"; };
		1FB522501B51567800322084 /* wine-pairingsTests.xctest */ = {isa = PBXFileReference; explicitFileType = wrapper.cfbundle; includeInIndex = 0; path = "wine-pairingsTests.xctest"; sourceTree = BUILT_PRODUCTS_DIR; };
		1FB522551B51567800322084 /* Info.plist */ = {isa = PBXFileReference; lastKnownFileType = text.plist.xml; path = Info.plist; sourceTree = "<group>"; };
		1FB522561B51567800322084 /* wine_pairingsTests.swift */ = {isa = PBXFileReference; lastKnownFileType = sourcecode.swift; path = wine_pairingsTests.swift; sourceTree = "<group>"; };
		1FD4F5AC1B515EBC009647C2 /* Extensions.swift */ = {isa = PBXFileReference; fileEncoding = 4; lastKnownFileType = sourcecode.swift; path = Extensions.swift; sourceTree = "<group>"; };
		1FD4F5B01B52AEF7009647C2 /* SelectionViewController.swift */ = {isa = PBXFileReference; fileEncoding = 4; lastKnownFileType = sourcecode.swift; path = SelectionViewController.swift; sourceTree = "<group>"; };
		1FDA9C951B52B47700E3DB21 /* Enums.swift */ = {isa = PBXFileReference; fileEncoding = 4; lastKnownFileType = sourcecode.swift; path = Enums.swift; sourceTree = "<group>"; };
/* End PBXFileReference section */

/* Begin PBXFrameworksBuildPhase section */
		1FB522351B51567800322084 /* Frameworks */ = {
			isa = PBXFrameworksBuildPhase;
			buildActionMask = 2147483647;
			files = (
			);
			runOnlyForDeploymentPostprocessing = 0;
		};
		1FB5224D1B51567800322084 /* Frameworks */ = {
			isa = PBXFrameworksBuildPhase;
			buildActionMask = 2147483647;
			files = (
			);
			runOnlyForDeploymentPostprocessing = 0;
		};
/* End PBXFrameworksBuildPhase section */

/* Begin PBXGroup section */
		1FB5222F1B51567800322084 = {
			isa = PBXGroup;
			children = (
				1F8696511B5325B5006AD9C5 /* Seasoning.swift */,
				1F86964F1B5325B5006AD9C5 /* Food.swift */,
				1F86964D1B5325B5006AD9C5 /* Varietal.swift */,
				1FB5223A1B51567800322084 /* wine-pairings */,
				1FB522531B51567800322084 /* wine-pairingsTests */,
				1FB522391B51567800322084 /* Products */,
			);
			sourceTree = "<group>";
		};
		1FB522391B51567800322084 /* Products */ = {
			isa = PBXGroup;
			children = (
				1FB522381B51567800322084 /* wine-pairings.app */,
				1FB522501B51567800322084 /* wine-pairingsTests.xctest */,
			);
			name = Products;
			sourceTree = "<group>";
		};
		1FB5223A1B51567800322084 /* wine-pairings */ = {
			isa = PBXGroup;
			children = (
				1FB5223D1B51567800322084 /* AppDelegate.swift */,
				1FB522421B51567800322084 /* LandingViewController.swift */,
				1FD4F5B01B52AEF7009647C2 /* SelectionViewController.swift */,
				1FD4F5AC1B515EBC009647C2 /* Extensions.swift */,
				1FDA9C951B52B47700E3DB21 /* Enums.swift */,
				1F8696531B532714006AD9C5 /* Functions.swift */,
				1FB522471B51567800322084 /* Images.xcassets */,
				1FB522491B51567800322084 /* LaunchScreen.xib */,
				1FB5223F1B51567800322084 /* wine_pairings.xcdatamodeld */,
				1FB5223B1B51567800322084 /* Supporting Files */,
			);
			path = "wine-pairings";
			sourceTree = "<group>";
		};
		1FB5223B1B51567800322084 /* Supporting Files */ = {
			isa = PBXGroup;
			children = (
				1FB5223C1B51567800322084 /* Info.plist */,
			);
			name = "Supporting Files";
			sourceTree = "<group>";
		};
		1FB522531B51567800322084 /* wine-pairingsTests */ = {
			isa = PBXGroup;
			children = (
				1FB522561B51567800322084 /* wine_pairingsTests.swift */,
				1FB522541B51567800322084 /* Supporting Files */,
			);
			path = "wine-pairingsTests";
			sourceTree = "<group>";
		};
		1FB522541B51567800322084 /* Supporting Files */ = {
			isa = PBXGroup;
			children = (
				1FB522551B51567800322084 /* Info.plist */,
			);
			name = "Supporting Files";
			sourceTree = "<group>";
		};
/* End PBXGroup section */

/* Begin PBXNativeTarget section */
		1FB522371B51567800322084 /* wine-pairings */ = {
			isa = PBXNativeTarget;
			buildConfigurationList = 1FB5225A1B51567800322084 /* Build configuration list for PBXNativeTarget "wine-pairings" */;
			buildPhases = (
				1FB522341B51567800322084 /* Sources */,
				1FB522351B51567800322084 /* Frameworks */,
				1FB522361B51567800322084 /* Resources */,
			);
			buildRules = (
			);
			dependencies = (
			);
			name = "wine-pairings";
			productName = "wine-pairings";
			productReference = 1FB522381B51567800322084 /* wine-pairings.app */;
			productType = "com.apple.product-type.application";
		};
		1FB5224F1B51567800322084 /* wine-pairingsTests */ = {
			isa = PBXNativeTarget;
			buildConfigurationList = 1FB5225D1B51567800322084 /* Build configuration list for PBXNativeTarget "wine-pairingsTests" */;
			buildPhases = (
				1FB5224C1B51567800322084 /* Sources */,
				1FB5224D1B51567800322084 /* Frameworks */,
				1FB5224E1B51567800322084 /* Resources */,
			);
			buildRules = (
			);
			dependencies = (
				1FB522521B51567800322084 /* PBXTargetDependency */,
			);
			name = "wine-pairingsTests";
			productName = "wine-pairingsTests";
			productReference = 1FB522501B51567800322084 /* wine-pairingsTests.xctest */;
			productType = "com.apple.product-type.bundle.unit-test";
		};
/* End PBXNativeTarget section */

/* Begin PBXProject section */
		1FB522301B51567800322084 /* Project object */ = {
			isa = PBXProject;
			attributes = {
				LastUpgradeCheck = 0640;
				ORGANIZATIONNAME = "Jeffrey Blagdon";
				TargetAttributes = {
					1FB522371B51567800322084 = {
						CreatedOnToolsVersion = 6.4;
					};
					1FB5224F1B51567800322084 = {
						CreatedOnToolsVersion = 6.4;
						TestTargetID = 1FB522371B51567800322084;
					};
				};
			};
			buildConfigurationList = 1FB522331B51567800322084 /* Build configuration list for PBXProject "wine-pairings" */;
			compatibilityVersion = "Xcode 3.2";
			developmentRegion = English;
			hasScannedForEncodings = 0;
			knownRegions = (
				en,
				Base,
			);
			mainGroup = 1FB5222F1B51567800322084;
			productRefGroup = 1FB522391B51567800322084 /* Products */;
			projectDirPath = "";
			projectRoot = "";
			targets = (
				1FB522371B51567800322084 /* wine-pairings */,
				1FB5224F1B51567800322084 /* wine-pairingsTests */,
			);
		};
/* End PBXProject section */

/* Begin PBXResourcesBuildPhase section */
		1FB522361B51567800322084 /* Resources */ = {
			isa = PBXResourcesBuildPhase;
			buildActionMask = 2147483647;
			files = (
				1FB5224B1B51567800322084 /* LaunchScreen.xib in Resources */,
				1FB522481B51567800322084 /* Images.xcassets in Resources */,
			);
			runOnlyForDeploymentPostprocessing = 0;
		};
		1FB5224E1B51567800322084 /* Resources */ = {
			isa = PBXResourcesBuildPhase;
			buildActionMask = 2147483647;
			files = (
			);
			runOnlyForDeploymentPostprocessing = 0;
		};
/* End PBXResourcesBuildPhase section */

/* Begin PBXSourcesBuildPhase section */
		1FB522341B51567800322084 /* Sources */ = {
			isa = PBXSourcesBuildPhase;
			buildActionMask = 2147483647;
			files = (
				1FD4F5B11B52AEF7009647C2 /* SelectionViewController.swift in Sources */,
				1FB522431B51567800322084 /* LandingViewController.swift in Sources */,
				1FB5223E1B51567800322084 /* AppDelegate.swift in Sources */,
				1F8696541B532714006AD9C5 /* Functions.swift in Sources */,
				1F8696521B5325B5006AD9C5 /* Seasoning.swift in Sources */,
				1FB522411B51567800322084 /* wine_pairings.xcdatamodeld in Sources */,
				1FDA9C961B52B47700E3DB21 /* Enums.swift in Sources */,
				1F8696501B5325B5006AD9C5 /* Food.swift in Sources */,
				1FD4F5AD1B515EBC009647C2 /* Extensions.swift in Sources */,
				1F86964E1B5325B5006AD9C5 /* Varietal.swift in Sources */,
			);
			runOnlyForDeploymentPostprocessing = 0;
		};
		1FB5224C1B51567800322084 /* Sources */ = {
			isa = PBXSourcesBuildPhase;
			buildActionMask = 2147483647;
			files = (
				1FB522571B51567800322084 /* wine_pairingsTests.swift in Sources */,
			);
			runOnlyForDeploymentPostprocessing = 0;
		};
/* End PBXSourcesBuildPhase section */

/* Begin PBXTargetDependency section */
		1FB522521B51567800322084 /* PBXTargetDependency */ = {
			isa = PBXTargetDependency;
			target = 1FB522371B51567800322084 /* wine-pairings */;
			targetProxy = 1FB522511B51567800322084 /* PBXContainerItemProxy */;
		};
/* End PBXTargetDependency section */

/* Begin PBXVariantGroup section */
		1FB522491B51567800322084 /* LaunchScreen.xib */ = {
			isa = PBXVariantGroup;
			children = (
				1FB5224A1B51567800322084 /* Base */,
			);
			name = LaunchScreen.xib;
			sourceTree = "<group>";
		};
/* End PBXVariantGroup section */

/* Begin XCBuildConfiguration section */
		1FB522581B51567800322084 /* Debug */ = {
			isa = XCBuildConfiguration;
			buildSettings = {
				ALWAYS_SEARCH_USER_PATHS = NO;
				CLANG_CXX_LANGUAGE_STANDARD = "gnu++0x";
				CLANG_CXX_LIBRARY = "libc++";
				CLANG_ENABLE_MODULES = YES;
				CLANG_ENABLE_OBJC_ARC = YES;
				CLANG_WARN_BOOL_CONVERSION = YES;
				CLANG_WARN_CONSTANT_CONVERSION = YES;
				CLANG_WARN_DIRECT_OBJC_ISA_USAGE = YES_ERROR;
				CLANG_WARN_EMPTY_BODY = YES;
				CLANG_WARN_ENUM_CONVERSION = YES;
				CLANG_WARN_INT_CONVERSION = YES;
				CLANG_WARN_OBJC_ROOT_CLASS = YES_ERROR;
				CLANG_WARN_UNREACHABLE_CODE = YES;
				CLANG_WARN__DUPLICATE_METHOD_MATCH = YES;
				"CODE_SIGN_IDENTITY[sdk=iphoneos*]" = "iPhone Developer";
				COPY_PHASE_STRIP = NO;
				DEBUG_INFORMATION_FORMAT = "dwarf-with-dsym";
				ENABLE_STRICT_OBJC_MSGSEND = YES;
				GCC_C_LANGUAGE_STANDARD = gnu99;
				GCC_DYNAMIC_NO_PIC = NO;
				GCC_NO_COMMON_BLOCKS = YES;
				GCC_OPTIMIZATION_LEVEL = 0;
				GCC_PREPROCESSOR_DEFINITIONS = (
					"DEBUG=1",
					"$(inherited)",
				);
				GCC_SYMBOLS_PRIVATE_EXTERN = NO;
				GCC_WARN_64_TO_32_BIT_CONVERSION = YES;
				GCC_WARN_ABOUT_RETURN_TYPE = YES_ERROR;
				GCC_WARN_UNDECLARED_SELECTOR = YES;
				GCC_WARN_UNINITIALIZED_AUTOS = YES_AGGRESSIVE;
				GCC_WARN_UNUSED_FUNCTION = YES;
				GCC_WARN_UNUSED_VARIABLE = YES;
				IPHONEOS_DEPLOYMENT_TARGET = 8.4;
				MTL_ENABLE_DEBUG_INFO = YES;
				ONLY_ACTIVE_ARCH = YES;
				SDKROOT = iphoneos;
				SWIFT_OPTIMIZATION_LEVEL = "-Onone";
			};
			name = Debug;
		};
		1FB522591B51567800322084 /* Release */ = {
			isa = XCBuildConfiguration;
			buildSettings = {
				ALWAYS_SEARCH_USER_PATHS = NO;
				CLANG_CXX_LANGUAGE_STANDARD = "gnu++0x";
				CLANG_CXX_LIBRARY = "libc++";
				CLANG_ENABLE_MODULES = YES;
				CLANG_ENABLE_OBJC_ARC = YES;
				CLANG_WARN_BOOL_CONVERSION = YES;
				CLANG_WARN_CONSTANT_CONVERSION = YES;
				CLANG_WARN_DIRECT_OBJC_ISA_USAGE = YES_ERROR;
				CLANG_WARN_EMPTY_BODY = YES;
				CLANG_WARN_ENUM_CONVERSION = YES;
				CLANG_WARN_INT_CONVERSION = YES;
				CLANG_WARN_OBJC_ROOT_CLASS = YES_ERROR;
				CLANG_WARN_UNREACHABLE_CODE = YES;
				CLANG_WARN__DUPLICATE_METHOD_MATCH = YES;
				"CODE_SIGN_IDENTITY[sdk=iphoneos*]" = "iPhone Developer";
				COPY_PHASE_STRIP = NO;
				DEBUG_INFORMATION_FORMAT = "dwarf-with-dsym";
				ENABLE_NS_ASSERTIONS = NO;
				ENABLE_STRICT_OBJC_MSGSEND = YES;
				GCC_C_LANGUAGE_STANDARD = gnu99;
				GCC_NO_COMMON_BLOCKS = YES;
				GCC_WARN_64_TO_32_BIT_CONVERSION = YES;
				GCC_WARN_ABOUT_RETURN_TYPE = YES_ERROR;
				GCC_WARN_UNDECLARED_SELECTOR = YES;
				GCC_WARN_UNINITIALIZED_AUTOS = YES_AGGRESSIVE;
				GCC_WARN_UNUSED_FUNCTION = YES;
				GCC_WARN_UNUSED_VARIABLE = YES;
				IPHONEOS_DEPLOYMENT_TARGET = 8.4;
				MTL_ENABLE_DEBUG_INFO = NO;
				SDKROOT = iphoneos;
				VALIDATE_PRODUCT = YES;
			};
			name = Release;
		};
		1FB5225B1B51567800322084 /* Debug */ = {
			isa = XCBuildConfiguration;
			buildSettings = {
				ASSETCATALOG_COMPILER_APPICON_NAME = AppIcon;
				INFOPLIST_FILE = "wine-pairings/Info.plist";
				LD_RUNPATH_SEARCH_PATHS = "$(inherited) @executable_path/Frameworks";
				PRODUCT_NAME = "$(TARGET_NAME)";
			};
			name = Debug;
		};
		1FB5225C1B51567800322084 /* Release */ = {
			isa = XCBuildConfiguration;
			buildSettings = {
				ASSETCATALOG_COMPILER_APPICON_NAME = AppIcon;
				INFOPLIST_FILE = "wine-pairings/Info.plist";
				LD_RUNPATH_SEARCH_PATHS = "$(inherited) @executable_path/Frameworks";
				PRODUCT_NAME = "$(TARGET_NAME)";
			};
			name = Release;
		};
		1FB5225E1B51567800322084 /* Debug */ = {
			isa = XCBuildConfiguration;
			buildSettings = {
				BUNDLE_LOADER = "$(TEST_HOST)";
				FRAMEWORK_SEARCH_PATHS = (
					"$(SDKROOT)/Developer/Library/Frameworks",
					"$(inherited)",
				);
				GCC_PREPROCESSOR_DEFINITIONS = (
					"DEBUG=1",
					"$(inherited)",
				);
				INFOPLIST_FILE = "wine-pairingsTests/Info.plist";
				LD_RUNPATH_SEARCH_PATHS = "$(inherited) @executable_path/Frameworks @loader_path/Frameworks";
				PRODUCT_NAME = "$(TARGET_NAME)";
				TEST_HOST = "$(BUILT_PRODUCTS_DIR)/wine-pairings.app/wine-pairings";
			};
			name = Debug;
		};
		1FB5225F1B51567800322084 /* Release */ = {
			isa = XCBuildConfiguration;
			buildSettings = {
				BUNDLE_LOADER = "$(TEST_HOST)";
				FRAMEWORK_SEARCH_PATHS = (
					"$(SDKROOT)/Developer/Library/Frameworks",
					"$(inherited)",
				);
				INFOPLIST_FILE = "wine-pairingsTests/Info.plist";
				LD_RUNPATH_SEARCH_PATHS = "$(inherited) @executable_path/Frameworks @loader_path/Frameworks";
				PRODUCT_NAME = "$(TARGET_NAME)";
				TEST_HOST = "$(BUILT_PRODUCTS_DIR)/wine-pairings.app/wine-pairings";
			};
			name = Release;
		};
/* End XCBuildConfiguration section */

/* Begin XCConfigurationList section */
		1FB522331B51567800322084 /* Build configuration list for PBXProject "wine-pairings" */ = {
			isa = XCConfigurationList;
			buildConfigurations = (
				1FB522581B51567800322084 /* Debug */,
				1FB522591B51567800322084 /* Release */,
			);
			defaultConfigurationIsVisible = 0;
			defaultConfigurationName = Release;
		};
		1FB5225A1B51567800322084 /* Build configuration list for PBXNativeTarget "wine-pairings" */ = {
			isa = XCConfigurationList;
			buildConfigurations = (
				1FB5225B1B51567800322084 /* Debug */,
				1FB5225C1B51567800322084 /* Release */,
			);
			defaultConfigurationIsVisible = 0;
			defaultConfigurationName = Release;
		};
		1FB5225D1B51567800322084 /* Build configuration list for PBXNativeTarget "wine-pairingsTests" */ = {
			isa = XCConfigurationList;
			buildConfigurations = (
				1FB5225E1B51567800322084 /* Debug */,
				1FB5225F1B51567800322084 /* Release */,
			);
			defaultConfigurationIsVisible = 0;
			defaultConfigurationName = Release;
		};
/* End XCConfigurationList section */

/* Begin XCVersionGroup section */
		1FB5223F1B51567800322084 /* wine_pairings.xcdatamodeld */ = {
			isa = XCVersionGroup;
			children = (
				1FB522401B51567800322084 /* wine_pairings.xcdatamodel */,
			);
			currentVersion = 1FB522401B51567800322084 /* wine_pairings.xcdatamodel */;
			path = wine_pairings.xcdatamodeld;
			sourceTree = "<group>";
			versionGroupType = wrapper.xcdatamodel;
		};
/* End XCVersionGroup section */
	};
	rootObject = 1FB522301B51567800322084 /* Project object */;
}
